
Microsoft Visual Studio Solution File, Format Version 12.00
# Visual Studio Version 17
VisualStudioVersion = 17.7.34018.315
MinimumVisualStudioVersion = 10.0.40219.1
Project("{9A19103F-16F7-4668-BE54-9A1E7A4F7556}") = "SlowClap", "SlowClap\SlowClap.csproj", "{5322CAE6-E013-4C60-A660-5DC49737AD25}"
EndProject
Project("{9A19103F-16F7-4668-BE54-9A1E7A4F7556}") = "SlowClap.Tests", "SlowClap.Tests\SlowClap.Tests.csproj", "{E9380067-2633-42E0-9385-E8D10D2A7DB6}"
EndProject
Project("{FAE04EC0-301F-11D3-BF4B-00C04F79EFBC}") = "ConsoleApp1", "ConsoleApp1\ConsoleApp1.csproj", "{C9CA5D24-0228-4AF9-A999-4D6C1D36FCEE}"
EndProject
Global
	GlobalSection(SolutionConfigurationPlatforms) = preSolution
		Debug|Any CPU = Debug|Any CPU
		Release|Any CPU = Release|Any CPU
	EndGlobalSection
	GlobalSection(ProjectConfigurationPlatforms) = postSolution
		{5322CAE6-E013-4C60-A660-5DC49737AD25}.Debug|Any CPU.ActiveCfg = Debug|Any CPU
		{5322CAE6-E013-4C60-A660-5DC49737AD25}.Debug|Any CPU.Build.0 = Debug|Any CPU
		{5322CAE6-E013-4C60-A660-5DC49737AD25}.Release|Any CPU.ActiveCfg = Release|Any CPU
		{5322CAE6-E013-4C60-A660-5DC49737AD25}.Release|Any CPU.Build.0 = Release|Any CPU
		{E9380067-2633-42E0-9385-E8D10D2A7DB6}.Debug|Any CPU.ActiveCfg = Debug|Any CPU
		{E9380067-2633-42E0-9385-E8D10D2A7DB6}.Debug|Any CPU.Build.0 = Debug|Any CPU
		{E9380067-2633-42E0-9385-E8D10D2A7DB6}.Release|Any CPU.ActiveCfg = Release|Any CPU
		{E9380067-2633-42E0-9385-E8D10D2A7DB6}.Release|Any CPU.Build.0 = Release|Any CPU
		{C9CA5D24-0228-4AF9-A999-4D6C1D36FCEE}.Debug|Any CPU.ActiveCfg = Debug|Any CPU
		{C9CA5D24-0228-4AF9-A999-4D6C1D36FCEE}.Debug|Any CPU.Build.0 = Debug|Any CPU
		{C9CA5D24-0228-4AF9-A999-4D6C1D36FCEE}.Release|Any CPU.ActiveCfg = Release|Any CPU
		{C9CA5D24-0228-4AF9-A999-4D6C1D36FCEE}.Release|Any CPU.Build.0 = Release|Any CPU
	EndGlobalSection
	GlobalSection(SolutionProperties) = preSolution
		HideSolutionNode = FALSE
	EndGlobalSection
	GlobalSection(ExtensibilityGlobals) = postSolution
		SolutionGuid = {530755F6-E1E5-4656-9DC7-EE295547F637}
	EndGlobalSection
EndGlobal
